# This file is automatically @generated by Cargo.
# It is not intended for manual editing.
[[package]]
name = "client_test"
version = "0.1.0"
dependencies = [
 "lazy_static",
 "reed-solomon-erasure",
]

[[package]]
name = "lazy_static"
version = "1.4.0"
source = "registry+https://github.com/rust-lang/crates.io-index"
checksum = "e2abad23fbc42b3700f2f279844dc832adb2b2eb069b2df918f455c4e18cc646"

[[package]]
name = "reed-solomon-erasure"
version = "4.0.2"
source = "registry+https://github.com/rust-lang/crates.io-index"
checksum = "a415a013dd7c5d4221382329a5a3482566da675737494935cbbbcdec04662f9d"
dependencies = [
 "smallvec",
]

[[package]]
name = "smallvec"
version = "1.4.2"
source = "registry+https://github.com/rust-lang/crates.io-index"
checksum = "fbee7696b84bbf3d89a1c2eccff0850e3047ed46bfcd2e92c29a2d074d57e252"
